
Microsoft Visual Studio Solution File, Format Version 12.00
# Visual Studio Version 17
VisualStudioVersion = 17.2.32616.157
MinimumVisualStudioVersion = 10.0.40219.1
Project("{8BC9CEB8-8B4A-11D0-8D11-00A0C91BC942}") = "libavcodecnet", "libavcodec.recorder\libavcodec.recorder.vcxproj", "{FD342E59-383B-43D9-B7CA-7B30CF1EB065}"
EndProject
Project("{9A19103F-16F7-4668-BE54-9A1E7A4F7556}") = "libavcodecnet.tester", "libavcodecnet.tester\libavcodecnet.tester.csproj", "{D2CCBE14-8100-42F0-8B08-6F8D3C13011F}"
EndProject
Project("{8BC9CEB8-8B4A-11D0-8D11-00A0C91BC942}") = "pylibavcodec", "pylibavcodec\pylibavcodec.vcxproj", "{3F52A6CB-08B4-408D-8EBA-55DAE7F74D71}"
EndProject
Global
	GlobalSection(SolutionConfigurationPlatforms) = preSolution
		Debug|Any CPU = Debug|Any CPU
		Debug|x64 = Debug|x64
		net471debug|Any CPU = net471debug|Any CPU
		net471debug|x64 = net471debug|x64
		net471release|Any CPU = net471release|Any CPU
		net471release|x64 = net471release|x64
		net472release|Any CPU = net472release|Any CPU
		net472release|x64 = net472release|x64
		Release|Any CPU = Release|Any CPU
		Release|x64 = Release|x64
	EndGlobalSection
	GlobalSection(ProjectConfigurationPlatforms) = postSolution
		{FD342E59-383B-43D9-B7CA-7B30CF1EB065}.Debug|Any CPU.ActiveCfg = Debug|x64
		{FD342E59-383B-43D9-B7CA-7B30CF1EB065}.Debug|Any CPU.Build.0 = Debug|x64
		{FD342E59-383B-43D9-B7CA-7B30CF1EB065}.Debug|x64.ActiveCfg = Debug|x64
		{FD342E59-383B-43D9-B7CA-7B30CF1EB065}.Debug|x64.Build.0 = Debug|x64
		{FD342E59-383B-43D9-B7CA-7B30CF1EB065}.net471debug|Any CPU.ActiveCfg = net471debug|x64
		{FD342E59-383B-43D9-B7CA-7B30CF1EB065}.net471debug|Any CPU.Build.0 = net471debug|x64
		{FD342E59-383B-43D9-B7CA-7B30CF1EB065}.net471debug|x64.ActiveCfg = net471debug|x64
		{FD342E59-383B-43D9-B7CA-7B30CF1EB065}.net471debug|x64.Build.0 = net471debug|x64
		{FD342E59-383B-43D9-B7CA-7B30CF1EB065}.net471release|Any CPU.ActiveCfg = net471release|x64
		{FD342E59-383B-43D9-B7CA-7B30CF1EB065}.net471release|Any CPU.Build.0 = net471release|x64
		{FD342E59-383B-43D9-B7CA-7B30CF1EB065}.net471release|x64.ActiveCfg = net471release|x64
		{FD342E59-383B-43D9-B7CA-7B30CF1EB065}.net471release|x64.Build.0 = net471release|x64
		{FD342E59-383B-43D9-B7CA-7B30CF1EB065}.net472release|Any CPU.ActiveCfg = net472release|x64
		{FD342E59-383B-43D9-B7CA-7B30CF1EB065}.net472release|Any CPU.Build.0 = net472release|x64
		{FD342E59-383B-43D9-B7CA-7B30CF1EB065}.net472release|x64.ActiveCfg = net472release|x64
		{FD342E59-383B-43D9-B7CA-7B30CF1EB065}.net472release|x64.Build.0 = net472release|x64
		{FD342E59-383B-43D9-B7CA-7B30CF1EB065}.Release|Any CPU.ActiveCfg = Release|x64
		{FD342E59-383B-43D9-B7CA-7B30CF1EB065}.Release|Any CPU.Build.0 = Release|x64
		{FD342E59-383B-43D9-B7CA-7B30CF1EB065}.Release|x64.ActiveCfg = Release|x64
		{FD342E59-383B-43D9-B7CA-7B30CF1EB065}.Release|x64.Build.0 = Release|x64
		{D2CCBE14-8100-42F0-8B08-6F8D3C13011F}.Debug|Any CPU.ActiveCfg = Debug|Any CPU
		{D2CCBE14-8100-42F0-8B08-6F8D3C13011F}.Debug|Any CPU.Build.0 = Debug|Any CPU
		{D2CCBE14-8100-42F0-8B08-6F8D3C13011F}.Debug|x64.ActiveCfg = Debug|Any CPU
		{D2CCBE14-8100-42F0-8B08-6F8D3C13011F}.Debug|x64.Build.0 = Debug|Any CPU
		{D2CCBE14-8100-42F0-8B08-6F8D3C13011F}.net471debug|Any CPU.ActiveCfg = Release|Any CPU
		{D2CCBE14-8100-42F0-8B08-6F8D3C13011F}.net471debug|Any CPU.Build.0 = Release|Any CPU
		{D2CCBE14-8100-42F0-8B08-6F8D3C13011F}.net471debug|x64.ActiveCfg = Release|Any CPU
		{D2CCBE14-8100-42F0-8B08-6F8D3C13011F}.net471debug|x64.Build.0 = Release|Any CPU
		{D2CCBE14-8100-42F0-8B08-6F8D3C13011F}.net471release|Any CPU.ActiveCfg = Release|Any CPU
		{D2CCBE14-8100-42F0-8B08-6F8D3C13011F}.net471release|Any CPU.Build.0 = Release|Any CPU
		{D2CCBE14-8100-42F0-8B08-6F8D3C13011F}.net471release|x64.ActiveCfg = Release|Any CPU
		{D2CCBE14-8100-42F0-8B08-6F8D3C13011F}.net471release|x64.Build.0 = Release|Any CPU
		{D2CCBE14-8100-42F0-8B08-6F8D3C13011F}.net472release|Any CPU.ActiveCfg = net472release|Any CPU
		{D2CCBE14-8100-42F0-8B08-6F8D3C13011F}.net472release|Any CPU.Build.0 = net472release|Any CPU
		{D2CCBE14-8100-42F0-8B08-6F8D3C13011F}.net472release|x64.ActiveCfg = net472release|Any CPU
		{D2CCBE14-8100-42F0-8B08-6F8D3C13011F}.net472release|x64.Build.0 = net472release|Any CPU
		{D2CCBE14-8100-42F0-8B08-6F8D3C13011F}.Release|Any CPU.ActiveCfg = Release|Any CPU
		{D2CCBE14-8100-42F0-8B08-6F8D3C13011F}.Release|Any CPU.Build.0 = Release|Any CPU
		{D2CCBE14-8100-42F0-8B08-6F8D3C13011F}.Release|x64.ActiveCfg = Release|Any CPU
		{D2CCBE14-8100-42F0-8B08-6F8D3C13011F}.Release|x64.Build.0 = Release|Any CPU
		{3F52A6CB-08B4-408D-8EBA-55DAE7F74D71}.Debug|Any CPU.ActiveCfg = Debug|x64
		{3F52A6CB-08B4-408D-8EBA-55DAE7F74D71}.Debug|Any CPU.Build.0 = Debug|x64
		{3F52A6CB-08B4-408D-8EBA-55DAE7F74D71}.Debug|x64.ActiveCfg = Debug|x64
		{3F52A6CB-08B4-408D-8EBA-55DAE7F74D71}.Debug|x64.Build.0 = Debug|x64
		{3F52A6CB-08B4-408D-8EBA-55DAE7F74D71}.net471debug|Any CPU.ActiveCfg = Debug|x64
		{3F52A6CB-08B4-408D-8EBA-55DAE7F74D71}.net471debug|Any CPU.Build.0 = Debug|x64
		{3F52A6CB-08B4-408D-8EBA-55DAE7F74D71}.net471debug|x64.ActiveCfg = Debug|x64
		{3F52A6CB-08B4-408D-8EBA-55DAE7F74D71}.net471debug|x64.Build.0 = Debug|x64
		{3F52A6CB-08B4-408D-8EBA-55DAE7F74D71}.net471release|Any CPU.ActiveCfg = Debug|x64
		{3F52A6CB-08B4-408D-8EBA-55DAE7F74D71}.net471release|Any CPU.Build.0 = Debug|x64
		{3F52A6CB-08B4-408D-8EBA-55DAE7F74D71}.net471release|x64.ActiveCfg = Debug|x64
		{3F52A6CB-08B4-408D-8EBA-55DAE7F74D71}.net471release|x64.Build.0 = Debug|x64
		{3F52A6CB-08B4-408D-8EBA-55DAE7F74D71}.net472release|Any CPU.ActiveCfg = net472release|Win32
		{3F52A6CB-08B4-408D-8EBA-55DAE7F74D71}.net472release|Any CPU.Build.0 = net472release|Win32
		{3F52A6CB-08B4-408D-8EBA-55DAE7F74D71}.net472release|x64.ActiveCfg = net472release|x64
		{3F52A6CB-08B4-408D-8EBA-55DAE7F74D71}.net472release|x64.Build.0 = net472release|x64
		{3F52A6CB-08B4-408D-8EBA-55DAE7F74D71}.Release|Any CPU.ActiveCfg = Release|x64
		{3F52A6CB-08B4-408D-8EBA-55DAE7F74D71}.Release|Any CPU.Build.0 = Release|x64
		{3F52A6CB-08B4-408D-8EBA-55DAE7F74D71}.Release|x64.ActiveCfg = Release|x64
		{3F52A6CB-08B4-408D-8EBA-55DAE7F74D71}.Release|x64.Build.0 = Release|x64
	EndGlobalSection
	GlobalSection(SolutionProperties) = preSolution
		HideSolutionNode = FALSE
	EndGlobalSection
	GlobalSection(ExtensibilityGlobals) = postSolution
		SolutionGuid = {2AEB751D-6DF9-494E-B5C5-A00472765D2B}
	EndGlobalSection
EndGlobal
